
Microsoft Visual Studio Solution File, Format Version 12.00
# Visual Studio Version 17
VisualStudioVersion = 17.13.35818.85 d17.13
MinimumVisualStudioVersion = 10.0.40219.1
Project("{FAE04EC0-301F-11D3-BF4B-00C04F79EFBC}") = "LTLHelp", "LTLHelp\LTLHelp.csproj", "{BAB1F9C3-5A45-4542-9F5C-2C9E15B4799E}"
EndProject
Global
	GlobalSection(SolutionConfigurationPlatforms) = preSolution
		Debug|Any CPU = Debug|Any CPU
		Release|Any CPU = Release|Any CPU
	EndGlobalSection
	GlobalSection(ProjectConfigurationPlatforms) = postSolution
		{BAB1F9C3-5A45-4542-9F5C-2C9E15B4799E}.Debug|Any CPU.ActiveCfg = Debug|Any CPU
		{BAB1F9C3-5A45-4542-9F5C-2C9E15B4799E}.Debug|Any CPU.Build.0 = Debug|Any CPU
		{BAB1F9C3-5A45-4542-9F5C-2C9E15B4799E}.Release|Any CPU.ActiveCfg = Release|Any CPU
		{BAB1F9C3-5A45-4542-9F5C-2C9E15B4799E}.Release|Any CPU.Build.0 = Release|Any CPU
	EndGlobalSection
	GlobalSection(SolutionProperties) = preSolution
		HideSolutionNode = FALSE
	EndGlobalSection
	GlobalSection(ExtensibilityGlobals) = postSolution
		SolutionGuid = {EF697EE5-9BDF-49D2-8088-62A3A6332511}
	EndGlobalSection
EndGlobal
